title: Content Block
items:
  - description: >-
      Lorem ipsum dolor sit amet, consectetur adipiscing elit, sed do eiusmod
      tempor incididunt ut labore et dolore magna aliqua. Ut enim ad minim
      veniam, quis nostrud exercitation ullamco laboris nisi ut aliquip ex ea
      commodo consequat.
    title: Lorem ipsum dolor
    subtitle: consectetur adipiscing elit
    link: /
    linkText: Learn More
    image: test.png
    caption: Incididunt ut labore
    subCaption: Quis nostrud exercitation
